// !$*UTF8*$!
{
	archiveVersion = 1;
	classes = {
	};
	objectVersion = 50;
	objects = {

/* Begin PBXBuildFile section */
		3900F1A722B743DA00600020 /* InternetViewController.m in Sources */ = {isa = PBXBuildFile; fileRef = 3900F1A522B743DA00600020 /* InternetViewController.m */; };
		3900F1A822B743DA00600020 /* InternetViewController.xib in Resources */ = {isa = PBXBuildFile; fileRef = 3900F1A622B743DA00600020 /* InternetViewController.xib */; };
		3900F1AC22B743EC00600020 /* MessageViewController.m in Sources */ = {isa = PBXBuildFile; fileRef = 3900F1AA22B743EC00600020 /* MessageViewController.m */; };
		3900F1AD22B743EC00600020 /* MessageViewController.xib in Resources */ = {isa = PBXBuildFile; fileRef = 3900F1AB22B743EC00600020 /* MessageViewController.xib */; };
		3900F1B122B743FE00600020 /* ResourcesViewController.m in Sources */ = {isa = PBXBuildFile; fileRef = 3900F1AF22B743FE00600020 /* ResourcesViewController.m */; };
		3900F1B222B743FE00600020 /* ResourcesViewController.xib in Resources */ = {isa = PBXBuildFile; fileRef = 3900F1B022B743FE00600020 /* ResourcesViewController.xib */; };
		3900F1B622B7440C00600020 /* UserViewController.m in Sources */ = {isa = PBXBuildFile; fileRef = 3900F1B422B7440C00600020 /* UserViewController.m */; };
		3900F1B722B7440C00600020 /* UserViewController.xib in Resources */ = {isa = PBXBuildFile; fileRef = 3900F1B522B7440C00600020 /* UserViewController.xib */; };
		3900F1C422B745D100600020 /* JumpPublicAction.m in Sources */ = {isa = PBXBuildFile; fileRef = 3900F1BC22B745D100600020 /* JumpPublicAction.m */; };
		3900F1C522B745D100600020 /* SecurityNSString.m in Sources */ = {isa = PBXBuildFile; fileRef = 3900F1BD22B745D100600020 /* SecurityNSString.m */; };
		3900F1C622B745D100600020 /* JumpKeyChain.m in Sources */ = {isa = PBXBuildFile; fileRef = 3900F1C122B745D100600020 /* JumpKeyChain.m */; };
		3900F1C722B745D100600020 /* AFNHelper.m in Sources */ = {isa = PBXBuildFile; fileRef = 3900F1C222B745D100600020 /* AFNHelper.m */; };
		398AE9E922B37B6B00684BD0 /* AppDelegate.m in Sources */ = {isa = PBXBuildFile; fileRef = 398AE9E822B37B6B00684BD0 /* AppDelegate.m */; };
		398AE9EC22B37B6B00684BD0 /* MacVpn.xcdatamodeld in Sources */ = {isa = PBXBuildFile; fileRef = 398AE9EA22B37B6B00684BD0 /* MacVpn.xcdatamodeld */; };
		398AE9EE22B37B6D00684BD0 /* Assets.xcassets in Resources */ = {isa = PBXBuildFile; fileRef = 398AE9ED22B37B6D00684BD0 /* Assets.xcassets */; };
		398AE9F122B37B6D00684BD0 /* MainMenu.xib in Resources */ = {isa = PBXBuildFile; fileRef = 398AE9EF22B37B6D00684BD0 /* MainMenu.xib */; };
		398AE9F422B37B6D00684BD0 /* main.m in Sources */ = {isa = PBXBuildFile; fileRef = 398AE9F322B37B6D00684BD0 /* main.m */; };
		398AEA1622B37F6700684BD0 /* FirstWindowController.m in Sources */ = {isa = PBXBuildFile; fileRef = 398AEA0D22B37F6700684BD0 /* FirstWindowController.m */; };
		398AEA1722B37F6700684BD0 /* FirstWindowController.xib in Resources */ = {isa = PBXBuildFile; fileRef = 398AEA0E22B37F6700684BD0 /* FirstWindowController.xib */; };
		398AEA1822B37F6700684BD0 /* loginViewController.m in Sources */ = {isa = PBXBuildFile; fileRef = 398AEA1122B37F6700684BD0 /* loginViewController.m */; };
		398AEA1922B37F6700684BD0 /* loginViewController.xib in Resources */ = {isa = PBXBuildFile; fileRef = 398AEA1222B37F6700684BD0 /* loginViewController.xib */; };
		398AEA1A22B37F6700684BD0 /* MainWindowController.m in Sources */ = {isa = PBXBuildFile; fileRef = 398AEA1422B37F6700684BD0 /* MainWindowController.m */; };
		398AEA1B22B37F6700684BD0 /* MainWindowController.xib in Resources */ = {isa = PBXBuildFile; fileRef = 398AEA1522B37F6700684BD0 /* MainWindowController.xib */; };
		39EDBC0A22BB672F00F21299 /* JumpMorealertViewController.m in Sources */ = {isa = PBXBuildFile; fileRef = 39EDBC0822BB672F00F21299 /* JumpMorealertViewController.m */; };
		39EDBC0B22BB672F00F21299 /* JumpMorealertViewController.xib in Resources */ = {isa = PBXBuildFile; fileRef = 39EDBC0922BB672F00F21299 /* JumpMorealertViewController.xib */; };
		39EDBC1822BB6D2000F21299 /* IntroduceViewController.m in Sources */ = {isa = PBXBuildFile; fileRef = 39EDBC1622BB6D2000F21299 /* IntroduceViewController.m */; };
		39EDBC1922BB6D2000F21299 /* IntroduceViewController.xib in Resources */ = {isa = PBXBuildFile; fileRef = 39EDBC1722BB6D2000F21299 /* IntroduceViewController.xib */; };
		39EDBC1D22BB6D3500F21299 /* AboutUsViewController.m in Sources */ = {isa = PBXBuildFile; fileRef = 39EDBC1B22BB6D3500F21299 /* AboutUsViewController.m */; };
		39EDBC1E22BB6D3500F21299 /* AboutUsViewController.xib in Resources */ = {isa = PBXBuildFile; fileRef = 39EDBC1C22BB6D3500F21299 /* AboutUsViewController.xib */; };
		39EDBC2222BB6D6400F21299 /* ChangePwordWindowController.m in Sources */ = {isa = PBXBuildFile; fileRef = 39EDBC2022BB6D6400F21299 /* ChangePwordWindowController.m */; };
		39EDBC2322BB6D6400F21299 /* ChangePwordWindowController.xib in Resources */ = {isa = PBXBuildFile; fileRef = 39EDBC2122BB6D6400F21299 /* ChangePwordWindowController.xib */; };
		C70C26C212BB0323C88AFC37 /* libPods-MacVpn.a in Frameworks */ = {isa = PBXBuildFile; fileRef = 2A560913B593120A3A7661B9 /* libPods-MacVpn.a */; };
/* End PBXBuildFile section */

/* Begin PBXFileReference section */
		2A560913B593120A3A7661B9 /* libPods-MacVpn.a */ = {isa = PBXFileReference; explicitFileType = archive.ar; includeInIndex = 0; path = "libPods-MacVpn.a"; sourceTree = BUILT_PRODUCTS_DIR; };
		3900F1A422B743DA00600020 /* InternetViewController.h */ = {isa = PBXFileReference; lastKnownFileType = sourcecode.c.h; path = InternetViewController.h; sourceTree = "<group>"; };
		3900F1A522B743DA00600020 /* InternetViewController.m */ = {isa = PBXFileReference; lastKnownFileType = sourcecode.c.objc; path = InternetViewController.m; sourceTree = "<group>"; };
		3900F1A622B743DA00600020 /* InternetViewController.xib */ = {isa = PBXFileReference; lastKnownFileType = file.xib; path = InternetViewController.xib; sourceTree = "<group>"; };
		3900F1A922B743EC00600020 /* MessageViewController.h */ = {isa = PBXFileReference; lastKnownFileType = sourcecode.c.h; path = MessageViewController.h; sourceTree = "<group>"; };
		3900F1AA22B743EC00600020 /* MessageViewController.m */ = {isa = PBXFileReference; lastKnownFileType = sourcecode.c.objc; path = MessageViewController.m; sourceTree = "<group>"; };
		3900F1AB22B743EC00600020 /* MessageViewController.xib */ = {isa = PBXFileReference; lastKnownFileType = file.xib; path = MessageViewController.xib; sourceTree = "<group>"; };
		3900F1AE22B743FE00600020 /* ResourcesViewController.h */ = {isa = PBXFileReference; lastKnownFileType = sourcecode.c.h; path = ResourcesViewController.h; sourceTree = "<group>"; };
		3900F1AF22B743FE00600020 /* ResourcesViewController.m */ = {isa = PBXFileReference; lastKnownFileType = sourcecode.c.objc; path = ResourcesViewController.m; sourceTree = "<group>"; };
		3900F1B022B743FE00600020 /* ResourcesViewController.xib */ = {isa = PBXFileReference; lastKnownFileType = file.xib; path = ResourcesViewController.xib; sourceTree = "<group>"; };
		3900F1B322B7440C00600020 /* UserViewController.h */ = {isa = PBXFileReference; lastKnownFileType = sourcecode.c.h; path = UserViewController.h; sourceTree = "<group>"; };
		3900F1B422B7440C00600020 /* UserViewController.m */ = {isa = PBXFileReference; lastKnownFileType = sourcecode.c.objc; path = UserViewController.m; sourceTree = "<group>"; };
		3900F1B522B7440C00600020 /* UserViewController.xib */ = {isa = PBXFileReference; lastKnownFileType = file.xib; path = UserViewController.xib; sourceTree = "<group>"; };
		3900F1B822B7443200600020 /* PrefixPch.pch */ = {isa = PBXFileReference; lastKnownFileType = sourcecode.c.h; path = PrefixPch.pch; sourceTree = "<group>"; };
		3900F1BA22B744D300600020 /* InterfaceHeader.h */ = {isa = PBXFileReference; lastKnownFileType = sourcecode.c.h; path = InterfaceHeader.h; sourceTree = "<group>"; };
		3900F1BC22B745D100600020 /* JumpPublicAction.m */ = {isa = PBXFileReference; fileEncoding = 4; lastKnownFileType = sourcecode.c.objc; path = JumpPublicAction.m; sourceTree = "<group>"; };
		3900F1BD22B745D100600020 /* SecurityNSString.m */ = {isa = PBXFileReference; fileEncoding = 4; lastKnownFileType = sourcecode.c.objc; path = SecurityNSString.m; sourceTree = "<group>"; };
		3900F1BE22B745D100600020 /* AFNHelper.h */ = {isa = PBXFileReference; fileEncoding = 4; lastKnownFileType = sourcecode.c.h; path = AFNHelper.h; sourceTree = "<group>"; };
		3900F1BF22B745D100600020 /* JumpPublicAction.h */ = {isa = PBXFileReference; fileEncoding = 4; lastKnownFileType = sourcecode.c.h; path = JumpPublicAction.h; sourceTree = "<group>"; };
		3900F1C022B745D100600020 /* JumpKeyChain.h */ = {isa = PBXFileReference; fileEncoding = 4; lastKnownFileType = sourcecode.c.h; path = JumpKeyChain.h; sourceTree = "<group>"; };
		3900F1C122B745D100600020 /* JumpKeyChain.m */ = {isa = PBXFileReference; fileEncoding = 4; lastKnownFileType = sourcecode.c.objc; path = JumpKeyChain.m; sourceTree = "<group>"; };
		3900F1C222B745D100600020 /* AFNHelper.m */ = {isa = PBXFileReference; fileEncoding = 4; lastKnownFileType = sourcecode.c.objc; path = AFNHelper.m; sourceTree = "<group>"; };
		3900F1C322B745D100600020 /* SecurityNSString.h */ = {isa = PBXFileReference; fileEncoding = 4; lastKnownFileType = sourcecode.c.h; path = SecurityNSString.h; sourceTree = "<group>"; };
		398AE9E422B37B6B00684BD0 /* MacVpn.app */ = {isa = PBXFileReference; explicitFileType = wrapper.application; includeInIndex = 0; path = MacVpn.app; sourceTree = BUILT_PRODUCTS_DIR; };
		398AE9E722B37B6B00684BD0 /* AppDelegate.h */ = {isa = PBXFileReference; lastKnownFileType = sourcecode.c.h; path = AppDelegate.h; sourceTree = "<group>"; };
		398AE9E822B37B6B00684BD0 /* AppDelegate.m */ = {isa = PBXFileReference; lastKnownFileType = sourcecode.c.objc; path = AppDelegate.m; sourceTree = "<group>"; };
		398AE9EB22B37B6B00684BD0 /* MacVpn.xcdatamodel */ = {isa = PBXFileReference; lastKnownFileType = wrapper.xcdatamodel; path = MacVpn.xcdatamodel; sourceTree = "<group>"; };
		398AE9ED22B37B6D00684BD0 /* Assets.xcassets */ = {isa = PBXFileReference; lastKnownFileType = folder.assetcatalog; path = Assets.xcassets; sourceTree = "<group>"; };
		398AE9F022B37B6D00684BD0 /* Base */ = {isa = PBXFileReference; lastKnownFileType = file.xib; name = Base; path = Base.lproj/MainMenu.xib; sourceTree = "<group>"; };
		398AE9F222B37B6D00684BD0 /* Info.plist */ = {isa = PBXFileReference; lastKnownFileType = text.plist.xml; path = Info.plist; sourceTree = "<group>"; };
		398AE9F322B37B6D00684BD0 /* main.m */ = {isa = PBXFileReference; lastKnownFileType = sourcecode.c.objc; path = main.m; sourceTree = "<group>"; };
		398AE9F522B37B6D00684BD0 /* MacVpn.entitlements */ = {isa = PBXFileReference; lastKnownFileType = text.plist.entitlements; path = MacVpn.entitlements; sourceTree = "<group>"; };
		398AEA0C22B37F6700684BD0 /* FirstWindowController.h */ = {isa = PBXFileReference; fileEncoding = 4; lastKnownFileType = sourcecode.c.h; path = FirstWindowController.h; sourceTree = "<group>"; };
		398AEA0D22B37F6700684BD0 /* FirstWindowController.m */ = {isa = PBXFileReference; fileEncoding = 4; lastKnownFileType = sourcecode.c.objc; path = FirstWindowController.m; sourceTree = "<group>"; };
		398AEA0E22B37F6700684BD0 /* FirstWindowController.xib */ = {isa = PBXFileReference; fileEncoding = 4; lastKnownFileType = file.xib; path = FirstWindowController.xib; sourceTree = "<group>"; };
		398AEA1022B37F6700684BD0 /* loginViewController.h */ = {isa = PBXFileReference; fileEncoding = 4; lastKnownFileType = sourcecode.c.h; path = loginViewController.h; sourceTree = "<group>"; };
		398AEA1122B37F6700684BD0 /* loginViewController.m */ = {isa = PBXFileReference; fileEncoding = 4; lastKnownFileType = sourcecode.c.objc; path = loginViewController.m; sourceTree = "<group>"; };
		398AEA1222B37F6700684BD0 /* loginViewController.xib */ = {isa = PBXFileReference; fileEncoding = 4; lastKnownFileType = file.xib; path = loginViewController.xib; sourceTree = "<group>"; };
		398AEA1322B37F6700684BD0 /* MainWindowController.h */ = {isa = PBXFileReference; fileEncoding = 4; lastKnownFileType = sourcecode.c.h; path = MainWindowController.h; sourceTree = "<group>"; };
		398AEA1422B37F6700684BD0 /* MainWindowController.m */ = {isa = PBXFileReference; fileEncoding = 4; lastKnownFileType = sourcecode.c.objc; path = MainWindowController.m; sourceTree = "<group>"; };
		398AEA1522B37F6700684BD0 /* MainWindowController.xib */ = {isa = PBXFileReference; fileEncoding = 4; lastKnownFileType = file.xib; path = MainWindowController.xib; sourceTree = "<group>"; };
		39EDBC0722BB672F00F21299 /* JumpMorealertViewController.h */ = {isa = PBXFileReference; lastKnownFileType = sourcecode.c.h; path = JumpMorealertViewController.h; sourceTree = "<group>"; };
		39EDBC0822BB672F00F21299 /* JumpMorealertViewController.m */ = {isa = PBXFileReference; lastKnownFileType = sourcecode.c.objc; path = JumpMorealertViewController.m; sourceTree = "<group>"; };
		39EDBC0922BB672F00F21299 /* JumpMorealertViewController.xib */ = {isa = PBXFileReference; lastKnownFileType = file.xib; path = JumpMorealertViewController.xib; sourceTree = "<group>"; };
		39EDBC1522BB6D2000F21299 /* IntroduceViewController.h */ = {isa = PBXFileReference; lastKnownFileType = sourcecode.c.h; path = IntroduceViewController.h; sourceTree = "<group>"; };
		39EDBC1622BB6D2000F21299 /* IntroduceViewController.m */ = {isa = PBXFileReference; lastKnownFileType = sourcecode.c.objc; path = IntroduceViewController.m; sourceTree = "<group>"; };
		39EDBC1722BB6D2000F21299 /* IntroduceViewController.xib */ = {isa = PBXFileReference; lastKnownFileType = file.xib; path = IntroduceViewController.xib; sourceTree = "<group>"; };
		39EDBC1A22BB6D3500F21299 /* AboutUsViewController.h */ = {isa = PBXFileReference; lastKnownFileType = sourcecode.c.h; path = AboutUsViewController.h; sourceTree = "<group>"; };
		39EDBC1B22BB6D3500F21299 /* AboutUsViewController.m */ = {isa = PBXFileReference; lastKnownFileType = sourcecode.c.objc; path = AboutUsViewController.m; sourceTree = "<group>"; };
		39EDBC1C22BB6D3500F21299 /* AboutUsViewController.xib */ = {isa = PBXFileReference; lastKnownFileType = file.xib; path = AboutUsViewController.xib; sourceTree = "<group>"; };
		39EDBC1F22BB6D6400F21299 /* ChangePwordWindowController.h */ = {isa = PBXFileReference; lastKnownFileType = sourcecode.c.h; path = ChangePwordWindowController.h; sourceTree = "<group>"; };
		39EDBC2022BB6D6400F21299 /* ChangePwordWindowController.m */ = {isa = PBXFileReference; lastKnownFileType = sourcecode.c.objc; path = ChangePwordWindowController.m; sourceTree = "<group>"; };
		39EDBC2122BB6D6400F21299 /* ChangePwordWindowController.xib */ = {isa = PBXFileReference; lastKnownFileType = file.xib; path = ChangePwordWindowController.xib; sourceTree = "<group>"; };
		951BFA7079D9F6BBAEF0A753 /* Pods-MacVpn.debug.xcconfig */ = {isa = PBXFileReference; includeInIndex = 1; lastKnownFileType = text.xcconfig; name = "Pods-MacVpn.debug.xcconfig"; path = "Pods/Target Support Files/Pods-MacVpn/Pods-MacVpn.debug.xcconfig"; sourceTree = "<group>"; };
		CA5125E3F710DA078683AD8E /* Pods-MacVpn.release.xcconfig */ = {isa = PBXFileReference; includeInIndex = 1; lastKnownFileType = text.xcconfig; name = "Pods-MacVpn.release.xcconfig"; path = "Pods/Target Support Files/Pods-MacVpn/Pods-MacVpn.release.xcconfig"; sourceTree = "<group>"; };
/* End PBXFileReference section */

/* Begin PBXFrameworksBuildPhase section */
		398AE9E122B37B6B00684BD0 /* Frameworks */ = {
			isa = PBXFrameworksBuildPhase;
			buildActionMask = 2147483647;
			files = (
				C70C26C212BB0323C88AFC37 /* libPods-MacVpn.a in Frameworks */,
			);
			runOnlyForDeploymentPostprocessing = 0;
		};
/* End PBXFrameworksBuildPhase section */

/* Begin PBXGroup section */
		3900F1A022B743B300600020 /* Message(消息中心) */ = {
			isa = PBXGroup;
			children = (
				3900F1A922B743EC00600020 /* MessageViewController.h */,
				3900F1AA22B743EC00600020 /* MessageViewController.m */,
				3900F1AB22B743EC00600020 /* MessageViewController.xib */,
			);
			path = "Message(消息中心)";
			sourceTree = "<group>";
		};
		3900F1A122B743B300600020 /* Resources(资源列表) */ = {
			isa = PBXGroup;
			children = (
				3900F1AE22B743FE00600020 /* ResourcesViewController.h */,
				3900F1AF22B743FE00600020 /* ResourcesViewController.m */,
				3900F1B022B743FE00600020 /* ResourcesViewController.xib */,
			);
			path = "Resources(资源列表)";
			sourceTree = "<group>";
		};
		3900F1A222B743B300600020 /* User(个人中心) */ = {
			isa = PBXGroup;
			children = (
				3900F1B322B7440C00600020 /* UserViewController.h */,
				3900F1B422B7440C00600020 /* UserViewController.m */,
				3900F1B522B7440C00600020 /* UserViewController.xib */,
			);
			path = "User(个人中心)";
			sourceTree = "<group>";
		};
		3900F1A322B743B800600020 /* Internet(网络连接) */ = {
			isa = PBXGroup;
			children = (
				3900F1A422B743DA00600020 /* InternetViewController.h */,
				3900F1A522B743DA00600020 /* InternetViewController.m */,
				3900F1A622B743DA00600020 /* InternetViewController.xib */,
			);
			path = "Internet(网络连接)";
			sourceTree = "<group>";
		};
		3900F1BB22B7459300600020 /* Public */ = {
			isa = PBXGroup;
			children = (
				3900F1BE22B745D100600020 /* AFNHelper.h */,
				3900F1C222B745D100600020 /* AFNHelper.m */,
				3900F1C022B745D100600020 /* JumpKeyChain.h */,
				3900F1C122B745D100600020 /* JumpKeyChain.m */,
				3900F1BF22B745D100600020 /* JumpPublicAction.h */,
				3900F1BC22B745D100600020 /* JumpPublicAction.m */,
				3900F1C322B745D100600020 /* SecurityNSString.h */,
				3900F1BD22B745D100600020 /* SecurityNSString.m */,
			);
			path = Public;
			sourceTree = "<group>";
		};
		398AE9DB22B37B6A00684BD0 = {
			isa = PBXGroup;
			children = (
				398AE9E622B37B6B00684BD0 /* MacVpn */,
				398AE9E522B37B6B00684BD0 /* Products */,
				AF6D314C2CE53D677F3FD8A8 /* Pods */,
				D0E8719111B1019B777091F3 /* Frameworks */,
			);
			sourceTree = "<group>";
		};
		398AE9E522B37B6B00684BD0 /* Products */ = {
			isa = PBXGroup;
			children = (
				398AE9E422B37B6B00684BD0 /* MacVpn.app */,
			);
			name = Products;
			sourceTree = "<group>";
		};
		398AE9E622B37B6B00684BD0 /* MacVpn */ = {
			isa = PBXGroup;
			children = (
				3900F1BB22B7459300600020 /* Public */,
				398AEA0A22B37F6700684BD0 /* Class */,
				398AE9E722B37B6B00684BD0 /* AppDelegate.h */,
				398AE9E822B37B6B00684BD0 /* AppDelegate.m */,
				398AE9ED22B37B6D00684BD0 /* Assets.xcassets */,
				398AE9EF22B37B6D00684BD0 /* MainMenu.xib */,
				398AE9F222B37B6D00684BD0 /* Info.plist */,
				398AE9F322B37B6D00684BD0 /* main.m */,
				398AE9F522B37B6D00684BD0 /* MacVpn.entitlements */,
				398AE9EA22B37B6B00684BD0 /* MacVpn.xcdatamodeld */,
				3900F1BA22B744D300600020 /* InterfaceHeader.h */,
				3900F1B822B7443200600020 /* PrefixPch.pch */,
			);
			path = MacVpn;
			sourceTree = "<group>";
		};
		398AEA0A22B37F6700684BD0 /* Class */ = {
			isa = PBXGroup;
			children = (
				398AEA0B22B37F6700684BD0 /* FirstPage(首页) */,
				3900F1A322B743B800600020 /* Internet(网络连接) */,
				3900F1A022B743B300600020 /* Message(消息中心) */,
				3900F1A122B743B300600020 /* Resources(资源列表) */,
				3900F1A222B743B300600020 /* User(个人中心) */,
				398AEA0F22B37F6700684BD0 /* Login(登录) */,
				39EDBC0E22BB6C8E00F21299 /* introduce(功能介绍) */,
				39EDBC0D22BB6C8700F21299 /* AboutUs(关于我们) */,
				39EDBC0C22BB6C8600F21299 /* ChangePassword(修改密码) */,
			);
			path = Class;
			sourceTree = "<group>";
		};
		398AEA0B22B37F6700684BD0 /* FirstPage(首页) */ = {
			isa = PBXGroup;
			children = (
				398AEA0C22B37F6700684BD0 /* FirstWindowController.h */,
				398AEA0D22B37F6700684BD0 /* FirstWindowController.m */,
				398AEA0E22B37F6700684BD0 /* FirstWindowController.xib */,
				39EDBC0722BB672F00F21299 /* JumpMorealertViewController.h */,
				39EDBC0822BB672F00F21299 /* JumpMorealertViewController.m */,
				39EDBC0922BB672F00F21299 /* JumpMorealertViewController.xib */,
			);
			path = "FirstPage(首页)";
			sourceTree = "<group>";
		};
		398AEA0F22B37F6700684BD0 /* Login(登录) */ = {
			isa = PBXGroup;
			children = (
				398AEA1022B37F6700684BD0 /* loginViewController.h */,
				398AEA1122B37F6700684BD0 /* loginViewController.m */,
				398AEA1222B37F6700684BD0 /* loginViewController.xib */,
				398AEA1322B37F6700684BD0 /* MainWindowController.h */,
				398AEA1422B37F6700684BD0 /* MainWindowController.m */,
				398AEA1522B37F6700684BD0 /* MainWindowController.xib */,
			);
			path = "Login(登录)";
			sourceTree = "<group>";
		};
		39EDBC0C22BB6C8600F21299 /* ChangePassword(修改密码) */ = {
			isa = PBXGroup;
			children = (
				39EDBC1F22BB6D6400F21299 /* ChangePwordWindowController.h */,
				39EDBC2022BB6D6400F21299 /* ChangePwordWindowController.m */,
				39EDBC2122BB6D6400F21299 /* ChangePwordWindowController.xib */,
			);
			path = "ChangePassword(修改密码)";
			sourceTree = "<group>";
		};
		39EDBC0D22BB6C8700F21299 /* AboutUs(关于我们) */ = {
			isa = PBXGroup;
			children = (
				39EDBC1A22BB6D3500F21299 /* AboutUsViewController.h */,
				39EDBC1B22BB6D3500F21299 /* AboutUsViewController.m */,
				39EDBC1C22BB6D3500F21299 /* AboutUsViewController.xib */,
			);
			path = "AboutUs(关于我们)";
			sourceTree = "<group>";
		};
		39EDBC0E22BB6C8E00F21299 /* introduce(功能介绍) */ = {
			isa = PBXGroup;
			children = (
				39EDBC1522BB6D2000F21299 /* IntroduceViewController.h */,
				39EDBC1622BB6D2000F21299 /* IntroduceViewController.m */,
				39EDBC1722BB6D2000F21299 /* IntroduceViewController.xib */,
			);
			path = "introduce(功能介绍)";
			sourceTree = "<group>";
		};
		AF6D314C2CE53D677F3FD8A8 /* Pods */ = {
			isa = PBXGroup;
			children = (
				951BFA7079D9F6BBAEF0A753 /* Pods-MacVpn.debug.xcconfig */,
				CA5125E3F710DA078683AD8E /* Pods-MacVpn.release.xcconfig */,
			);
			name = Pods;
			sourceTree = "<group>";
		};
		D0E8719111B1019B777091F3 /* Frameworks */ = {
			isa = PBXGroup;
			children = (
				2A560913B593120A3A7661B9 /* libPods-MacVpn.a */,
			);
			name = Frameworks;
			sourceTree = "<group>";
		};
/* End PBXGroup section */

/* Begin PBXNativeTarget section */
		398AE9E322B37B6B00684BD0 /* MacVpn */ = {
			isa = PBXNativeTarget;
			buildConfigurationList = 398AE9F822B37B6D00684BD0 /* Build configuration list for PBXNativeTarget "MacVpn" */;
			buildPhases = (
				916EF3EB54DA08673A9C7477 /* [CP] Check Pods Manifest.lock */,
				398AE9E022B37B6B00684BD0 /* Sources */,
				398AE9E122B37B6B00684BD0 /* Frameworks */,
				398AE9E222B37B6B00684BD0 /* Resources */,
			);
			buildRules = (
			);
			dependencies = (
			);
			name = MacVpn;
			productName = MacVpn;
			productReference = 398AE9E422B37B6B00684BD0 /* MacVpn.app */;
			productType = "com.apple.product-type.application";
		};
/* End PBXNativeTarget section */

/* Begin PBXProject section */
		398AE9DC22B37B6A00684BD0 /* Project object */ = {
			isa = PBXProject;
			attributes = {
				LastUpgradeCheck = 1010;
				ORGANIZATIONNAME = zb;
				TargetAttributes = {
					398AE9E322B37B6B00684BD0 = {
						CreatedOnToolsVersion = 10.1;
						SystemCapabilities = {
							com.apple.Sandbox = {
								enabled = 1;
							};
						};
					};
				};
			};
			buildConfigurationList = 398AE9DF22B37B6A00684BD0 /* Build configuration list for PBXProject "MacVpn" */;
			compatibilityVersion = "Xcode 9.3";
			developmentRegion = en;
			hasScannedForEncodings = 0;
			knownRegions = (
				en,
				Base,
			);
			mainGroup = 398AE9DB22B37B6A00684BD0;
			productRefGroup = 398AE9E522B37B6B00684BD0 /* Products */;
			projectDirPath = "";
			projectRoot = "";
			targets = (
				398AE9E322B37B6B00684BD0 /* MacVpn */,
			);
		};
/* End PBXProject section */

/* Begin PBXResourcesBuildPhase section */
		398AE9E222B37B6B00684BD0 /* Resources */ = {
			isa = PBXResourcesBuildPhase;
			buildActionMask = 2147483647;
			files = (
				39EDBC1922BB6D2000F21299 /* IntroduceViewController.xib in Resources */,
				398AEA1922B37F6700684BD0 /* loginViewController.xib in Resources */,
				3900F1B722B7440C00600020 /* UserViewController.xib in Resources */,
				39EDBC0B22BB672F00F21299 /* JumpMorealertViewController.xib in Resources */,
				39EDBC2322BB6D6400F21299 /* ChangePwordWindowController.xib in Resources */,
				3900F1A822B743DA00600020 /* InternetViewController.xib in Resources */,
				398AE9EE22B37B6D00684BD0 /* Assets.xcassets in Resources */,
				3900F1AD22B743EC00600020 /* MessageViewController.xib in Resources */,
				398AE9F122B37B6D00684BD0 /* MainMenu.xib in Resources */,
				39EDBC1E22BB6D3500F21299 /* AboutUsViewController.xib in Resources */,
				398AEA1722B37F6700684BD0 /* FirstWindowController.xib in Resources */,
				3900F1B222B743FE00600020 /* ResourcesViewController.xib in Resources */,
				398AEA1B22B37F6700684BD0 /* MainWindowController.xib in Resources */,
			);
			runOnlyForDeploymentPostprocessing = 0;
		};
/* End PBXResourcesBuildPhase section */

/* Begin PBXShellScriptBuildPhase section */
		916EF3EB54DA08673A9C7477 /* [CP] Check Pods Manifest.lock */ = {
			isa = PBXShellScriptBuildPhase;
			buildActionMask = 2147483647;
			files = (
			);
			inputFileListPaths = (
			);
			inputPaths = (
				"${PODS_PODFILE_DIR_PATH}/Podfile.lock",
				"${PODS_ROOT}/Manifest.lock",
			);
			name = "[CP] Check Pods Manifest.lock";
			outputFileListPaths = (
			);
			outputPaths = (
				"$(DERIVED_FILE_DIR)/Pods-MacVpn-checkManifestLockResult.txt",
			);
			runOnlyForDeploymentPostprocessing = 0;
			shellPath = /bin/sh;
			shellScript = "diff \"${PODS_PODFILE_DIR_PATH}/Podfile.lock\" \"${PODS_ROOT}/Manifest.lock\" > /dev/null\nif [ $? != 0 ] ; then\n    # print error to STDERR\n    echo \"error: The sandbox is not in sync with the Podfile.lock. Run 'pod install' or update your CocoaPods installation.\" >&2\n    exit 1\nfi\n# This output is used by Xcode 'outputs' to avoid re-running this script phase.\necho \"SUCCESS\" > \"${SCRIPT_OUTPUT_FILE_0}\"\n";
			showEnvVarsInLog = 0;
		};
/* End PBXShellScriptBuildPhase section */

/* Begin PBXSourcesBuildPhase section */
		398AE9E022B37B6B00684BD0 /* Sources */ = {
			isa = PBXSourcesBuildPhase;
			buildActionMask = 2147483647;
			files = (
				398AEA1A22B37F6700684BD0 /* MainWindowController.m in Sources */,
				3900F1C522B745D100600020 /* SecurityNSString.m in Sources */,
				3900F1B622B7440C00600020 /* UserViewController.m in Sources */,
				3900F1C722B745D100600020 /* AFNHelper.m in Sources */,
				398AE9EC22B37B6B00684BD0 /* MacVpn.xcdatamodeld in Sources */,
				398AEA1822B37F6700684BD0 /* loginViewController.m in Sources */,
				3900F1C622B745D100600020 /* JumpKeyChain.m in Sources */,
				3900F1C422B745D100600020 /* JumpPublicAction.m in Sources */,
				39EDBC2222BB6D6400F21299 /* ChangePwordWindowController.m in Sources */,
				39EDBC1D22BB6D3500F21299 /* AboutUsViewController.m in Sources */,
				398AE9F422B37B6D00684BD0 /* main.m in Sources */,
				398AEA1622B37F6700684BD0 /* FirstWindowController.m in Sources */,
				398AE9E922B37B6B00684BD0 /* AppDelegate.m in Sources */,
				39EDBC1822BB6D2000F21299 /* IntroduceViewController.m in Sources */,
				3900F1B122B743FE00600020 /* ResourcesViewController.m in Sources */,
				3900F1AC22B743EC00600020 /* MessageViewController.m in Sources */,
				3900F1A722B743DA00600020 /* InternetViewController.m in Sources */,
				39EDBC0A22BB672F00F21299 /* JumpMorealertViewController.m in Sources */,
			);
			runOnlyForDeploymentPostprocessing = 0;
		};
/* End PBXSourcesBuildPhase section */

/* Begin PBXVariantGroup section */
		398AE9EF22B37B6D00684BD0 /* MainMenu.xib */ = {
			isa = PBXVariantGroup;
			children = (
				398AE9F022B37B6D00684BD0 /* Base */,
			);
			name = MainMenu.xib;
			sourceTree = "<group>";
		};
/* End PBXVariantGroup section */

/* Begin XCBuildConfiguration section */
		398AE9F622B37B6D00684BD0 /* Debug */ = {
			isa = XCBuildConfiguration;
			buildSettings = {
				ALWAYS_SEARCH_USER_PATHS = NO;
				CLANG_ANALYZER_NONNULL = YES;
				CLANG_ANALYZER_NUMBER_OBJECT_CONVERSION = YES_AGGRESSIVE;
				CLANG_CXX_LANGUAGE_STANDARD = "gnu++14";
				CLANG_CXX_LIBRARY = "libc++";
				CLANG_ENABLE_MODULES = YES;
				CLANG_ENABLE_OBJC_ARC = YES;
				CLANG_ENABLE_OBJC_WEAK = YES;
				CLANG_WARN_BLOCK_CAPTURE_AUTORELEASING = YES;
				CLANG_WARN_BOOL_CONVERSION = YES;
				CLANG_WARN_COMMA = YES;
				CLANG_WARN_CONSTANT_CONVERSION = YES;
				CLANG_WARN_DEPRECATED_OBJC_IMPLEMENTATIONS = YES;
				CLANG_WARN_DIRECT_OBJC_ISA_USAGE = YES_ERROR;
				CLANG_WARN_DOCUMENTATION_COMMENTS = YES;
				CLANG_WARN_EMPTY_BODY = YES;
				CLANG_WARN_ENUM_CONVERSION = YES;
				CLANG_WARN_INFINITE_RECURSION = YES;
				CLANG_WARN_INT_CONVERSION = YES;
				CLANG_WARN_NON_LITERAL_NULL_CONVERSION = YES;
				CLANG_WARN_OBJC_IMPLICIT_RETAIN_SELF = YES;
				CLANG_WARN_OBJC_LITERAL_CONVERSION = YES;
				CLANG_WARN_OBJC_ROOT_CLASS = YES_ERROR;
				CLANG_WARN_RANGE_LOOP_ANALYSIS = YES;
				CLANG_WARN_STRICT_PROTOTYPES = YES;
				CLANG_WARN_SUSPICIOUS_MOVE = YES;
				CLANG_WARN_UNGUARDED_AVAILABILITY = YES_AGGRESSIVE;
				CLANG_WARN_UNREACHABLE_CODE = YES;
				CLANG_WARN__DUPLICATE_METHOD_MATCH = YES;
				CODE_SIGN_IDENTITY = "-";
				COPY_PHASE_STRIP = NO;
				DEBUG_INFORMATION_FORMAT = dwarf;
				ENABLE_STRICT_OBJC_MSGSEND = YES;
				ENABLE_TESTABILITY = YES;
				GCC_C_LANGUAGE_STANDARD = gnu11;
				GCC_DYNAMIC_NO_PIC = NO;
				GCC_NO_COMMON_BLOCKS = YES;
				GCC_OPTIMIZATION_LEVEL = 0;
				GCC_PREPROCESSOR_DEFINITIONS = (
					"DEBUG=1",
					"$(inherited)",
				);
				GCC_WARN_64_TO_32_BIT_CONVERSION = YES;
				GCC_WARN_ABOUT_RETURN_TYPE = YES_ERROR;
				GCC_WARN_UNDECLARED_SELECTOR = YES;
				GCC_WARN_UNINITIALIZED_AUTOS = YES_AGGRESSIVE;
				GCC_WARN_UNUSED_FUNCTION = YES;
				GCC_WARN_UNUSED_VARIABLE = YES;
				MACOSX_DEPLOYMENT_TARGET = 10.13;
				MTL_ENABLE_DEBUG_INFO = INCLUDE_SOURCE;
				MTL_FAST_MATH = YES;
				ONLY_ACTIVE_ARCH = YES;
				SDKROOT = macosx;
			};
			name = Debug;
		};
		398AE9F722B37B6D00684BD0 /* Release */ = {
			isa = XCBuildConfiguration;
			buildSettings = {
				ALWAYS_SEARCH_USER_PATHS = NO;
				CLANG_ANALYZER_NONNULL = YES;
				CLANG_ANALYZER_NUMBER_OBJECT_CONVERSION = YES_AGGRESSIVE;
				CLANG_CXX_LANGUAGE_STANDARD = "gnu++14";
				CLANG_CXX_LIBRARY = "libc++";
				CLANG_ENABLE_MODULES = YES;
				CLANG_ENABLE_OBJC_ARC = YES;
				CLANG_ENABLE_OBJC_WEAK = YES;
				CLANG_WARN_BLOCK_CAPTURE_AUTORELEASING = YES;
				CLANG_WARN_BOOL_CONVERSION = YES;
				CLANG_WARN_COMMA = YES;
				CLANG_WARN_CONSTANT_CONVERSION = YES;
				CLANG_WARN_DEPRECATED_OBJC_IMPLEMENTATIONS = YES;
				CLANG_WARN_DIRECT_OBJC_ISA_USAGE = YES_ERROR;
				CLANG_WARN_DOCUMENTATION_COMMENTS = YES;
				CLANG_WARN_EMPTY_BODY = YES;
				CLANG_WARN_ENUM_CONVERSION = YES;
				CLANG_WARN_INFINITE_RECURSION = YES;
				CLANG_WARN_INT_CONVERSION = YES;
				CLANG_WARN_NON_LITERAL_NULL_CONVERSION = YES;
				CLANG_WARN_OBJC_IMPLICIT_RETAIN_SELF = YES;
				CLANG_WARN_OBJC_LITERAL_CONVERSION = YES;
				CLANG_WARN_OBJC_ROOT_CLASS = YES_ERROR;
				CLANG_WARN_RANGE_LOOP_ANALYSIS = YES;
				CLANG_WARN_STRICT_PROTOTYPES = YES;
				CLANG_WARN_SUSPICIOUS_MOVE = YES;
				CLANG_WARN_UNGUARDED_AVAILABILITY = YES_AGGRESSIVE;
				CLANG_WARN_UNREACHABLE_CODE = YES;
				CLANG_WARN__DUPLICATE_METHOD_MATCH = YES;
				CODE_SIGN_IDENTITY = "-";
				COPY_PHASE_STRIP = NO;
				DEBUG_INFORMATION_FORMAT = "dwarf-with-dsym";
				ENABLE_NS_ASSERTIONS = NO;
				ENABLE_STRICT_OBJC_MSGSEND = YES;
				GCC_C_LANGUAGE_STANDARD = gnu11;
				GCC_NO_COMMON_BLOCKS = YES;
				GCC_WARN_64_TO_32_BIT_CONVERSION = YES;
				GCC_WARN_ABOUT_RETURN_TYPE = YES_ERROR;
				GCC_WARN_UNDECLARED_SELECTOR = YES;
				GCC_WARN_UNINITIALIZED_AUTOS = YES_AGGRESSIVE;
				GCC_WARN_UNUSED_FUNCTION = YES;
				GCC_WARN_UNUSED_VARIABLE = YES;
				MACOSX_DEPLOYMENT_TARGET = 10.13;
				MTL_ENABLE_DEBUG_INFO = NO;
				MTL_FAST_MATH = YES;
				SDKROOT = macosx;
			};
			name = Release;
		};
		398AE9F922B37B6D00684BD0 /* Debug */ = {
			isa = XCBuildConfiguration;
			baseConfigurationReference = 951BFA7079D9F6BBAEF0A753 /* Pods-MacVpn.debug.xcconfig */;
			buildSettings = {
				ASSETCATALOG_COMPILER_APPICON_NAME = AppIcon;
				CODE_SIGN_ENTITLEMENTS = MacVpn/MacVpn.entitlements;
				CODE_SIGN_STYLE = Automatic;
				COMBINE_HIDPI_IMAGES = YES;
				GCC_PREFIX_HEADER = "$(SRCROOT)/MacVpn/PrefixPch.pch";
				INFOPLIST_FILE = MacVpn/Info.plist;
				LD_RUNPATH_SEARCH_PATHS = (
					"$(inherited)",
					"@executable_path/../Frameworks",
				);
				MACOSX_DEPLOYMENT_TARGET = 10.12;
				PRODUCT_BUNDLE_IDENTIFIER = jump.MacVpn;
				PRODUCT_NAME = "$(TARGET_NAME)";
			};
			name = Debug;
		};
		398AE9FA22B37B6D00684BD0 /* Release */ = {
			isa = XCBuildConfiguration;
			baseConfigurationReference = CA5125E3F710DA078683AD8E /* Pods-MacVpn.release.xcconfig */;
			buildSettings = {
				ASSETCATALOG_COMPILER_APPICON_NAME = AppIcon;
				CODE_SIGN_ENTITLEMENTS = MacVpn/MacVpn.entitlements;
				CODE_SIGN_STYLE = Automatic;
				COMBINE_HIDPI_IMAGES = YES;
				GCC_PREFIX_HEADER = "$(SRCROOT)/MacVpn/PrefixPch.pch";
				INFOPLIST_FILE = MacVpn/Info.plist;
				LD_RUNPATH_SEARCH_PATHS = (
					"$(inherited)",
					"@executable_path/../Frameworks",
				);
				MACOSX_DEPLOYMENT_TARGET = 10.12;
				PRODUCT_BUNDLE_IDENTIFIER = jump.MacVpn;
				PRODUCT_NAME = "$(TARGET_NAME)";
			};
			name = Release;
		};
/* End XCBuildConfiguration section */

/* Begin XCConfigurationList section */
		398AE9DF22B37B6A00684BD0 /* Build configuration list for PBXProject "MacVpn" */ = {
			isa = XCConfigurationList;
			buildConfigurations = (
				398AE9F622B37B6D00684BD0 /* Debug */,
				398AE9F722B37B6D00684BD0 /* Release */,
			);
			defaultConfigurationIsVisible = 0;
			defaultConfigurationName = Release;
		};
		398AE9F822B37B6D00684BD0 /* Build configuration list for PBXNativeTarget "MacVpn" */ = {
			isa = XCConfigurationList;
			buildConfigurations = (
				398AE9F922B37B6D00684BD0 /* Debug */,
				398AE9FA22B37B6D00684BD0 /* Release */,
			);
			defaultConfigurationIsVisible = 0;
			defaultConfigurationName = Release;
		};
/* End XCConfigurationList section */

/* Begin XCVersionGroup section */
		398AE9EA22B37B6B00684BD0 /* MacVpn.xcdatamodeld */ = {
			isa = XCVersionGroup;
			children = (
				398AE9EB22B37B6B00684BD0 /* MacVpn.xcdatamodel */,
			);
			currentVersion = 398AE9EB22B37B6B00684BD0 /* MacVpn.xcdatamodel */;
			path = MacVpn.xcdatamodeld;
			sourceTree = "<group>";
			versionGroupType = wrapper.xcdatamodel;
		};
/* End XCVersionGroup section */
	};
	rootObject = 398AE9DC22B37B6A00684BD0 /* Project object */;
}
